
Microsoft Visual Studio Solution File, Format Version 12.00
# Visual Studio Version 16
VisualStudioVersion = 16.0.30204.135
MinimumVisualStudioVersion = 10.0.40219.1
Project("{FAE04EC0-301F-11D3-BF4B-00C04F79EFBC}") = "ContactBook", "ContactBook\ContactBook.csproj", "{76B2E014-2666-4564-9FB3-DE52D51A519C}"
EndProject
Global
	GlobalSection(SolutionConfigurationPlatforms) = preSolution
		Debug|Any CPU = Debug|Any CPU
		Release|Any CPU = Release|Any CPU
	EndGlobalSection
	GlobalSection(ProjectConfigurationPlatforms) = postSolution
		{76B2E014-2666-4564-9FB3-DE52D51A519C}.Debug|Any CPU.ActiveCfg = Debug|Any CPU
		{76B2E014-2666-4564-9FB3-DE52D51A519C}.Debug|Any CPU.Build.0 = Debug|Any CPU
		{76B2E014-2666-4564-9FB3-DE52D51A519C}.Release|Any CPU.ActiveCfg = Release|Any CPU
		{76B2E014-2666-4564-9FB3-DE52D51A519C}.Release|Any CPU.Build.0 = Release|Any CPU
	EndGlobalSection
	GlobalSection(SolutionProperties) = preSolution
		HideSolutionNode = FALSE
	EndGlobalSection
	GlobalSection(ExtensibilityGlobals) = postSolution
		SolutionGuid = {E39BE695-6A00-4347-B401-F5C3D95F7E25}
	EndGlobalSection
EndGlobal
